
Microsoft Visual Studio Solution File, Format Version 12.00
# Visual Studio Version 16
VisualStudioVersion = 16.0.32106.194
MinimumVisualStudioVersion = 10.0.40219.1
Project("{FAE04EC0-301F-11D3-BF4B-00C04F79EFBC}") = "YieldTut", "YieldTut\YieldTut.csproj", "{F9725079-B05D-4BB9-AA5D-AF5158F25DD8}"
EndProject
Project("{FAE04EC0-301F-11D3-BF4B-00C04F79EFBC}") = "ReferenceTut", "ReferenceTut\ReferenceTut.csproj", "{7E4D5918-2543-4E91-B608-60929CA706CC}"
EndProject
Project("{FAE04EC0-301F-11D3-BF4B-00C04F79EFBC}") = "BenchmarkApp", "BenchmarkApp\BenchmarkApp.csproj", "{5697E7FA-76DE-4810-8679-008209635044}"
EndProject
Global
	GlobalSection(SolutionConfigurationPlatforms) = preSolution
		Debug|Any CPU = Debug|Any CPU
		Release|Any CPU = Release|Any CPU
	EndGlobalSection
	GlobalSection(ProjectConfigurationPlatforms) = postSolution
		{F9725079-B05D-4BB9-AA5D-AF5158F25DD8}.Debug|Any CPU.ActiveCfg = Debug|Any CPU
		{F9725079-B05D-4BB9-AA5D-AF5158F25DD8}.Debug|Any CPU.Build.0 = Debug|Any CPU
		{F9725079-B05D-4BB9-AA5D-AF5158F25DD8}.Release|Any CPU.ActiveCfg = Release|Any CPU
		{F9725079-B05D-4BB9-AA5D-AF5158F25DD8}.Release|Any CPU.Build.0 = Release|Any CPU
		{7E4D5918-2543-4E91-B608-60929CA706CC}.Debug|Any CPU.ActiveCfg = Debug|Any CPU
		{7E4D5918-2543-4E91-B608-60929CA706CC}.Debug|Any CPU.Build.0 = Debug|Any CPU
		{7E4D5918-2543-4E91-B608-60929CA706CC}.Release|Any CPU.ActiveCfg = Release|Any CPU
		{7E4D5918-2543-4E91-B608-60929CA706CC}.Release|Any CPU.Build.0 = Release|Any CPU
		{5697E7FA-76DE-4810-8679-008209635044}.Debug|Any CPU.ActiveCfg = Debug|Any CPU
		{5697E7FA-76DE-4810-8679-008209635044}.Debug|Any CPU.Build.0 = Debug|Any CPU
		{5697E7FA-76DE-4810-8679-008209635044}.Release|Any CPU.ActiveCfg = Release|Any CPU
		{5697E7FA-76DE-4810-8679-008209635044}.Release|Any CPU.Build.0 = Release|Any CPU
	EndGlobalSection
	GlobalSection(SolutionProperties) = preSolution
		HideSolutionNode = FALSE
	EndGlobalSection
	GlobalSection(ExtensibilityGlobals) = postSolution
		SolutionGuid = {B8FF3246-E083-4483-B2CB-AB2CA171F918}
	EndGlobalSection
EndGlobal
